
Microsoft Visual Studio Solution File, Format Version 12.00
# Visual Studio Version 17
VisualStudioVersion = 17.8.34525.116
MinimumVisualStudioVersion = 10.0.40219.1
Project("{FAE04EC0-301F-11D3-BF4B-00C04F79EFBC}") = "WindowsForms", "WindowsForms\WindowsForms.csproj", "{34A6747B-651A-4CC7-A069-4B436BA9099D}"
EndProject
Global
	GlobalSection(SolutionConfigurationPlatforms) = preSolution
		Debug|Any CPU = Debug|Any CPU
		Release|Any CPU = Release|Any CPU
	EndGlobalSection
	GlobalSection(ProjectConfigurationPlatforms) = postSolution
		{34A6747B-651A-4CC7-A069-4B436BA9099D}.Debug|Any CPU.ActiveCfg = Debug|Any CPU
		{34A6747B-651A-4CC7-A069-4B436BA9099D}.Debug|Any CPU.Build.0 = Debug|Any CPU
		{34A6747B-651A-4CC7-A069-4B436BA9099D}.Release|Any CPU.ActiveCfg = Release|Any CPU
		{34A6747B-651A-4CC7-A069-4B436BA9099D}.Release|Any CPU.Build.0 = Release|Any CPU
	EndGlobalSection
	GlobalSection(SolutionProperties) = preSolution
		HideSolutionNode = FALSE
	EndGlobalSection
	GlobalSection(ExtensibilityGlobals) = postSolution
		SolutionGuid = {0E2AED4A-CA24-44CD-9038-2A42BBE8B4BF}
	EndGlobalSection
EndGlobal
