
Microsoft Visual Studio Solution File, Format Version 12.00
# Visual Studio Version 17
VisualStudioVersion = 17.8.34511.84
MinimumVisualStudioVersion = 10.0.40219.1
Project("{FAE04EC0-301F-11D3-BF4B-00C04F79EFBC}") = "ConsoleApp1", "ConsoleApp1\ConsoleApp1.csproj", "{608BB6AD-DB04-4E6E-8005-801629DB1489}"
EndProject
Global
	GlobalSection(SolutionConfigurationPlatforms) = preSolution
		Debug|Any CPU = Debug|Any CPU
		Release|Any CPU = Release|Any CPU
	EndGlobalSection
	GlobalSection(ProjectConfigurationPlatforms) = postSolution
		{608BB6AD-DB04-4E6E-8005-801629DB1489}.Debug|Any CPU.ActiveCfg = Debug|Any CPU
		{608BB6AD-DB04-4E6E-8005-801629DB1489}.Debug|Any CPU.Build.0 = Debug|Any CPU
		{608BB6AD-DB04-4E6E-8005-801629DB1489}.Release|Any CPU.ActiveCfg = Release|Any CPU
		{608BB6AD-DB04-4E6E-8005-801629DB1489}.Release|Any CPU.Build.0 = Release|Any CPU
	EndGlobalSection
	GlobalSection(SolutionProperties) = preSolution
		HideSolutionNode = FALSE
	EndGlobalSection
	GlobalSection(ExtensibilityGlobals) = postSolution
		SolutionGuid = {71858DE3-0E8B-4604-8321-C39A523B36FE}
	EndGlobalSection
EndGlobal
